{
  "name": "stateconnect",
  "version": "1.0.0",
  "lockfileVersion": 1,
  "requires": true,
  "dependencies": {
    "typescript": {
      "version": "4.3.4",
      "resolved": "https://registry.npmjs.org/typescript/-/typescript-4.3.4.tgz",
      "integrity": "sha512-uauPG7XZn9F/mo+7MrsRjyvbxFpzemRjKEZXS4AK83oP2KKOJPvb+9cO/gmnv8arWZvhnjVOXz7B49m1l0e9Ew==",
      "dev": true
    },
    "undokit": {
      "version": "1.0.9",
      "resolved": "https://registry.npmjs.org/undokit/-/undokit-1.0.9.tgz",
      "integrity": "sha512-SrhI6uEQR+uID7OCLt8tg5ySEzCpNVjTIE5GqN4apv2XrwiruZ05oJpdscr+3BCDr/RW2SzLq5Ogqdwx+FvoAQ=="
    }
  }
}
